// !$*UTF8*$!
{
	archiveVersion = 1;
	classes = {
	};
	objectVersion = 56;
	objects = {

/* Begin PBXBuildFile section */
		C81DF36C29C9EDD600EF806D /* main.cpp in Sources */ = {isa = PBXBuildFile; fileRef = C81DF36B29C9EDD600EF806D /* main.cpp */; };
		C8808CA429F17E36008E0D65 /* general.cpp in Sources */ = {isa = PBXBuildFile; fileRef = C8808CA329F17E36008E0D65 /* general.cpp */; };
		C8808CA629F17E4F008E0D65 /* srchsort.cpp in Sources */ = {isa = PBXBuildFile; fileRef = C8808CA529F17E4F008E0D65 /* srchsort.cpp */; };
		C8808CA829F17E75008E0D65 /* linklist.cpp in Sources */ = {isa = PBXBuildFile; fileRef = C8808CA729F17E75008E0D65 /* linklist.cpp */; };
/* End PBXBuildFile section */

/* Begin PBXCopyFilesBuildPhase section */
		C81DF36629C9EDD600EF806D /* CopyFiles */ = {
			isa = PBXCopyFilesBuildPhase;
			buildActionMask = 2147483647;
			dstPath = /usr/share/man/man1/;
			dstSubfolderSpec = 0;
			files = (
			);
			runOnlyForDeploymentPostprocessing = 1;
		};
/* End PBXCopyFilesBuildPhase section */

/* Begin PBXFileReference section */
		C81DF36829C9EDD600EF806D /* MyCodes */ = {isa = PBXFileReference; explicitFileType = "compiled.mach-o.executable"; includeInIndex = 0; path = MyCodes; sourceTree = BUILT_PRODUCTS_DIR; };
		C81DF36B29C9EDD600EF806D /* main.cpp */ = {isa = PBXFileReference; lastKnownFileType = sourcecode.cpp.cpp; path = main.cpp; sourceTree = "<group>"; };
		C81DF37229C9EE1100EF806D /* general.h */ = {isa = PBXFileReference; lastKnownFileType = sourcecode.c.h; path = general.h; sourceTree = "<group>"; };
		C81DF37429C9EE6800EF806D /* srchsort.h */ = {isa = PBXFileReference; lastKnownFileType = sourcecode.c.h; path = srchsort.h; sourceTree = "<group>"; };
		C81DF37529C9EEC100EF806D /* llist.h */ = {isa = PBXFileReference; lastKnownFileType = sourcecode.c.h; path = llist.h; sourceTree = "<group>"; };
		C81DF37629C9EF0D00EF806D /* llques.h */ = {isa = PBXFileReference; lastKnownFileType = sourcecode.c.h; path = llques.h; sourceTree = "<group>"; };
		C8808CA329F17E36008E0D65 /* general.cpp */ = {isa = PBXFileReference; lastKnownFileType = sourcecode.cpp.cpp; path = general.cpp; sourceTree = "<group>"; };
		C8808CA529F17E4F008E0D65 /* srchsort.cpp */ = {isa = PBXFileReference; lastKnownFileType = sourcecode.cpp.cpp; path = srchsort.cpp; sourceTree = "<group>"; };
		C8808CA729F17E75008E0D65 /* linklist.cpp */ = {isa = PBXFileReference; lastKnownFileType = sourcecode.cpp.cpp; path = linklist.cpp; sourceTree = "<group>"; };
/* End PBXFileReference section */

/* Begin PBXFrameworksBuildPhase section */
		C81DF36529C9EDD600EF806D /* Frameworks */ = {
			isa = PBXFrameworksBuildPhase;
			buildActionMask = 2147483647;
			files = (
			);
			runOnlyForDeploymentPostprocessing = 0;
		};
/* End PBXFrameworksBuildPhase section */

/* Begin PBXGroup section */
		C81DF35F29C9EDD600EF806D = {
			isa = PBXGroup;
			children = (
				C81DF36A29C9EDD600EF806D /* MyCodes */,
				C81DF36929C9EDD600EF806D /* Products */,
			);
			sourceTree = "<group>";
		};
		C81DF36929C9EDD600EF806D /* Products */ = {
			isa = PBXGroup;
			children = (
				C81DF36829C9EDD600EF806D /* MyCodes */,
			);
			name = Products;
			sourceTree = "<group>";
		};
		C81DF36A29C9EDD600EF806D /* MyCodes */ = {
			isa = PBXGroup;
			children = (
				C8808CA929F1862F008E0D65 /* Main Scheme */,
				C8808CA129F17BA2008E0D65 /* General Codes */,
				C8808CA229F17DB0008E0D65 /* Search and Sort */,
				C81DF37729C9F1DB00EF806D /* Link List */,
			);
			path = MyCodes;
			sourceTree = "<group>";
		};
		C81DF37729C9F1DB00EF806D /* Link List */ = {
			isa = PBXGroup;
			children = (
				C81DF37529C9EEC100EF806D /* llist.h */,
				C81DF37629C9EF0D00EF806D /* llques.h */,
				C8808CA729F17E75008E0D65 /* linklist.cpp */,
			);
			path = "Link List";
			sourceTree = "<group>";
		};
		C8808CA129F17BA2008E0D65 /* General Codes */ = {
			isa = PBXGroup;
			children = (
				C81DF37229C9EE1100EF806D /* general.h */,
				C8808CA329F17E36008E0D65 /* general.cpp */,
			);
			path = "General Codes";
			sourceTree = "<group>";
		};
		C8808CA229F17DB0008E0D65 /* Search and Sort */ = {
			isa = PBXGroup;
			children = (
				C81DF37429C9EE6800EF806D /* srchsort.h */,
				C8808CA529F17E4F008E0D65 /* srchsort.cpp */,
			);
			path = "Search and Sort";
			sourceTree = "<group>";
		};
		C8808CA929F1862F008E0D65 /* Main Scheme */ = {
			isa = PBXGroup;
			children = (
				C81DF36B29C9EDD600EF806D /* main.cpp */,
			);
			path = "Main Scheme";
			sourceTree = "<group>";
		};
/* End PBXGroup section */

/* Begin PBXNativeTarget section */
		C81DF36729C9EDD600EF806D /* MyCodes */ = {
			isa = PBXNativeTarget;
			buildConfigurationList = C81DF36F29C9EDD600EF806D /* Build configuration list for PBXNativeTarget "MyCodes" */;
			buildPhases = (
				C81DF36429C9EDD600EF806D /* Sources */,
				C81DF36529C9EDD600EF806D /* Frameworks */,
				C81DF36629C9EDD600EF806D /* CopyFiles */,
			);
			buildRules = (
			);
			dependencies = (
			);
			name = MyCodes;
			productName = MyCodes;
			productReference = C81DF36829C9EDD600EF806D /* MyCodes */;
			productType = "com.apple.product-type.tool";
		};
/* End PBXNativeTarget section */

/* Begin PBXProject section */
		C81DF36029C9EDD600EF806D /* Project object */ = {
			isa = PBXProject;
			attributes = {
				BuildIndependentTargetsInParallel = 1;
				LastUpgradeCheck = 1420;
				TargetAttributes = {
					C81DF36729C9EDD600EF806D = {
						CreatedOnToolsVersion = 14.2;
					};
				};
			};
			buildConfigurationList = C81DF36329C9EDD600EF806D /* Build configuration list for PBXProject "MyCodes" */;
			compatibilityVersion = "Xcode 14.0";
			developmentRegion = en;
			hasScannedForEncodings = 0;
			knownRegions = (
				en,
				Base,
			);
			mainGroup = C81DF35F29C9EDD600EF806D;
			productRefGroup = C81DF36929C9EDD600EF806D /* Products */;
			projectDirPath = "";
			projectRoot = "";
			targets = (
				C81DF36729C9EDD600EF806D /* MyCodes */,
			);
		};
/* End PBXProject section */

/* Begin PBXSourcesBuildPhase section */
		C81DF36429C9EDD600EF806D /* Sources */ = {
			isa = PBXSourcesBuildPhase;
			buildActionMask = 2147483647;
			files = (
				C8808CA429F17E36008E0D65 /* general.cpp in Sources */,
				C8808CA629F17E4F008E0D65 /* srchsort.cpp in Sources */,
				C81DF36C29C9EDD600EF806D /* main.cpp in Sources */,
				C8808CA829F17E75008E0D65 /* linklist.cpp in Sources */,
			);
			runOnlyForDeploymentPostprocessing = 0;
		};
/* End PBXSourcesBuildPhase section */

/* Begin XCBuildConfiguration section */
		C81DF36D29C9EDD600EF806D /* Debug */ = {
			isa = XCBuildConfiguration;
			buildSettings = {
				ALWAYS_SEARCH_USER_PATHS = NO;
				CLANG_ANALYZER_NONNULL = YES;
				CLANG_ANALYZER_NUMBER_OBJECT_CONVERSION = YES_AGGRESSIVE;
				CLANG_CXX_LANGUAGE_STANDARD = "gnu++20";
				CLANG_ENABLE_MODULES = YES;
				CLANG_ENABLE_OBJC_ARC = YES;
				CLANG_ENABLE_OBJC_WEAK = YES;
				CLANG_WARN_BLOCK_CAPTURE_AUTORELEASING = YES;
				CLANG_WARN_BOOL_CONVERSION = YES;
				CLANG_WARN_COMMA = YES;
				CLANG_WARN_CONSTANT_CONVERSION = YES;
				CLANG_WARN_DEPRECATED_OBJC_IMPLEMENTATIONS = YES;
				CLANG_WARN_DIRECT_OBJC_ISA_USAGE = YES_ERROR;
				CLANG_WARN_DOCUMENTATION_COMMENTS = YES;
				CLANG_WARN_EMPTY_BODY = YES;
				CLANG_WARN_ENUM_CONVERSION = YES;
				CLANG_WARN_INFINITE_RECURSION = YES;
				CLANG_WARN_INT_CONVERSION = YES;
				CLANG_WARN_NON_LITERAL_NULL_CONVERSION = YES;
				CLANG_WARN_OBJC_IMPLICIT_RETAIN_SELF = YES;
				CLANG_WARN_OBJC_LITERAL_CONVERSION = YES;
				CLANG_WARN_OBJC_ROOT_CLASS = YES_ERROR;
				CLANG_WARN_QUOTED_INCLUDE_IN_FRAMEWORK_HEADER = YES;
				CLANG_WARN_RANGE_LOOP_ANALYSIS = YES;
				CLANG_WARN_STRICT_PROTOTYPES = YES;
				CLANG_WARN_SUSPICIOUS_MOVE = YES;
				CLANG_WARN_UNGUARDED_AVAILABILITY = YES_AGGRESSIVE;
				CLANG_WARN_UNREACHABLE_CODE = YES;
				CLANG_WARN__DUPLICATE_METHOD_MATCH = YES;
				COPY_PHASE_STRIP = NO;
				DEBUG_INFORMATION_FORMAT = dwarf;
				ENABLE_STRICT_OBJC_MSGSEND = YES;
				ENABLE_TESTABILITY = YES;
				GCC_C_LANGUAGE_STANDARD = gnu11;
				GCC_DYNAMIC_NO_PIC = NO;
				GCC_NO_COMMON_BLOCKS = YES;
				GCC_OPTIMIZATION_LEVEL = 0;
				GCC_PREPROCESSOR_DEFINITIONS = (
					"DEBUG=1",
					"$(inherited)",
				);
				GCC_WARN_64_TO_32_BIT_CONVERSION = YES;
				GCC_WARN_ABOUT_RETURN_TYPE = YES_ERROR;
				GCC_WARN_UNDECLARED_SELECTOR = YES;
				GCC_WARN_UNINITIALIZED_AUTOS = YES_AGGRESSIVE;
				GCC_WARN_UNUSED_FUNCTION = YES;
				GCC_WARN_UNUSED_VARIABLE = YES;
				MACOSX_DEPLOYMENT_TARGET = 13.1;
				MTL_ENABLE_DEBUG_INFO = INCLUDE_SOURCE;
				MTL_FAST_MATH = YES;
				ONLY_ACTIVE_ARCH = YES;
				SDKROOT = macosx;
			};
			name = Debug;
		};
		C81DF36E29C9EDD600EF806D /* Release */ = {
			isa = XCBuildConfiguration;
			buildSettings = {
				ALWAYS_SEARCH_USER_PATHS = NO;
				CLANG_ANALYZER_NONNULL = YES;
				CLANG_ANALYZER_NUMBER_OBJECT_CONVERSION = YES_AGGRESSIVE;
				CLANG_CXX_LANGUAGE_STANDARD = "gnu++20";
				CLANG_ENABLE_MODULES = YES;
				CLANG_ENABLE_OBJC_ARC = YES;
				CLANG_ENABLE_OBJC_WEAK = YES;
				CLANG_WARN_BLOCK_CAPTURE_AUTORELEASING = YES;
				CLANG_WARN_BOOL_CONVERSION = YES;
				CLANG_WARN_COMMA = YES;
				CLANG_WARN_CONSTANT_CONVERSION = YES;
				CLANG_WARN_DEPRECATED_OBJC_IMPLEMENTATIONS = YES;
				CLANG_WARN_DIRECT_OBJC_ISA_USAGE = YES_ERROR;
				CLANG_WARN_DOCUMENTATION_COMMENTS = YES;
				CLANG_WARN_EMPTY_BODY = YES;
				CLANG_WARN_ENUM_CONVERSION = YES;
				CLANG_WARN_INFINITE_RECURSION = YES;
				CLANG_WARN_INT_CONVERSION = YES;
				CLANG_WARN_NON_LITERAL_NULL_CONVERSION = YES;
				CLANG_WARN_OBJC_IMPLICIT_RETAIN_SELF = YES;
				CLANG_WARN_OBJC_LITERAL_CONVERSION = YES;
				CLANG_WARN_OBJC_ROOT_CLASS = YES_ERROR;
				CLANG_WARN_QUOTED_INCLUDE_IN_FRAMEWORK_HEADER = YES;
				CLANG_WARN_RANGE_LOOP_ANALYSIS = YES;
				CLANG_WARN_STRICT_PROTOTYPES = YES;
				CLANG_WARN_SUSPICIOUS_MOVE = YES;
				CLANG_WARN_UNGUARDED_AVAILABILITY = YES_AGGRESSIVE;
				CLANG_WARN_UNREACHABLE_CODE = YES;
				CLANG_WARN__DUPLICATE_METHOD_MATCH = YES;
				COPY_PHASE_STRIP = NO;
				DEBUG_INFORMATION_FORMAT = "dwarf-with-dsym";
				ENABLE_NS_ASSERTIONS = NO;
				ENABLE_STRICT_OBJC_MSGSEND = YES;
				GCC_C_LANGUAGE_STANDARD = gnu11;
				GCC_NO_COMMON_BLOCKS = YES;
				GCC_WARN_64_TO_32_BIT_CONVERSION = YES;
				GCC_WARN_ABOUT_RETURN_TYPE = YES_ERROR;
				GCC_WARN_UNDECLARED_SELECTOR = YES;
				GCC_WARN_UNINITIALIZED_AUTOS = YES_AGGRESSIVE;
				GCC_WARN_UNUSED_FUNCTION = YES;
				GCC_WARN_UNUSED_VARIABLE = YES;
				MACOSX_DEPLOYMENT_TARGET = 13.1;
				MTL_ENABLE_DEBUG_INFO = NO;
				MTL_FAST_MATH = YES;
				SDKROOT = macosx;
			};
			name = Release;
		};
		C81DF37029C9EDD600EF806D /* Debug */ = {
			isa = XCBuildConfiguration;
			buildSettings = {
				CODE_SIGN_STYLE = Automatic;
				PRODUCT_NAME = "$(TARGET_NAME)";
			};
			name = Debug;
		};
		C81DF37129C9EDD600EF806D /* Release */ = {
			isa = XCBuildConfiguration;
			buildSettings = {
				CODE_SIGN_STYLE = Automatic;
				PRODUCT_NAME = "$(TARGET_NAME)";
			};
			name = Release;
		};
/* End XCBuildConfiguration section */

/* Begin XCConfigurationList section */
		C81DF36329C9EDD600EF806D /* Build configuration list for PBXProject "MyCodes" */ = {
			isa = XCConfigurationList;
			buildConfigurations = (
				C81DF36D29C9EDD600EF806D /* Debug */,
				C81DF36E29C9EDD600EF806D /* Release */,
			);
			defaultConfigurationIsVisible = 0;
			defaultConfigurationName = Release;
		};
		C81DF36F29C9EDD600EF806D /* Build configuration list for PBXNativeTarget "MyCodes" */ = {
			isa = XCConfigurationList;
			buildConfigurations = (
				C81DF37029C9EDD600EF806D /* Debug */,
				C81DF37129C9EDD600EF806D /* Release */,
			);
			defaultConfigurationIsVisible = 0;
			defaultConfigurationName = Release;
		};
/* End XCConfigurationList section */
	};
	rootObject = C81DF36029C9EDD600EF806D /* Project object */;
}
